// !$*UTF8*$!
{
	archiveVersion = 1;
	classes = {
	};
	objectVersion = 48;
	objects = {

/* Begin PBXBuildFile section */
		01E4B28E14213AE26A5F4745 /* Pods_DiaLyVietNam.framework in Frameworks */ = {isa = PBXBuildFile; fileRef = DB1E2239CE42AC13F0F4F8DC /* Pods_DiaLyVietNam.framework */; };
		DD5FCC0F1F9F164500A469D3 /* HomeVC.swift in Sources */ = {isa = PBXBuildFile; fileRef = DD5FCC0E1F9F164500A469D3 /* HomeVC.swift */; };
		DD5FCC111F9F1C0500A469D3 /* Extensions.swift in Sources */ = {isa = PBXBuildFile; fileRef = DD5FCC101F9F1C0500A469D3 /* Extensions.swift */; };
		DD5FCC2E1F9F528C00A469D3 /* Index.html in Resources */ = {isa = PBXBuildFile; fileRef = DD5FCC271F9F528C00A469D3 /* Index.html */; };
		DD5FCC2F1F9F528C00A469D3 /* Player.swf in Resources */ = {isa = PBXBuildFile; fileRef = DD5FCC281F9F528C00A469D3 /* Player.swf */; };
		DD5FCC301F9F528C00A469D3 /* Scenario.xvl in Resources */ = {isa = PBXBuildFile; fileRef = DD5FCC291F9F528C00A469D3 /* Scenario.xvl */; };
		DD5FCC311F9F528C00A469D3 /* Layout1.swf in Resources */ = {isa = PBXBuildFile; fileRef = DD5FCC2B1F9F528C00A469D3 /* Layout1.swf */; };
		DD5FCC321F9F528C00A469D3 /* Racing.swf in Resources */ = {isa = PBXBuildFile; fileRef = DD5FCC2C1F9F528C00A469D3 /* Racing.swf */; };
		DD5FCC331F9F528C00A469D3 /* thumbnail.jpg in Resources */ = {isa = PBXBuildFile; fileRef = DD5FCC2D1F9F528C00A469D3 /* thumbnail.jpg */; };
		DD5FCC351F9F544100A469D3 /* ExerciseVC.swift in Sources */ = {isa = PBXBuildFile; fileRef = DD5FCC341F9F544100A469D3 /* ExerciseVC.swift */; };
		DD5FCC3D1F9F7B9200A469D3 /* PhuLuc.txt in Resources */ = {isa = PBXBuildFile; fileRef = DD5FCC3C1F9F7B9200A469D3 /* PhuLuc.txt */; };
		DD5FCC9D1F9F7FDE00A469D3 /* BÀI 9 VÀ BÀI 10.pdf in Resources */ = {isa = PBXBuildFile; fileRef = DD5FCC7E1F9F7FDE00A469D3 /* BÀI 9 VÀ BÀI 10.pdf */; };
		DD5FCC9E1F9F7FDE00A469D3 /* BÀI 11 VÀ BÀI 12.pdf in Resources */ = {isa = PBXBuildFile; fileRef = DD5FCC7F1F9F7FDE00A469D3 /* BÀI 11 VÀ BÀI 12.pdf */; };
		DD5FCC9F1F9F7FDE00A469D3 /* BÀI 6 VÀ BÀI 7.pdf in Resources */ = {isa = PBXBuildFile; fileRef = DD5FCC801F9F7FDE00A469D3 /* BÀI 6 VÀ BÀI 7.pdf */; };
		DD5FCCA01F9F7FDE00A469D3 /* BÀI 39.pdf in Resources */ = {isa = PBXBuildFile; fileRef = DD5FCC811F9F7FDE00A469D3 /* BÀI 39.pdf */; };
		DD5FCCA11F9F7FDE00A469D3 /* BÀI 8.pdf in Resources */ = {isa = PBXBuildFile; fileRef = DD5FCC821F9F7FDE00A469D3 /* BÀI 8.pdf */; };
		DD5FCCA21F9F7FDE00A469D3 /* BÀI 28.pdf in Resources */ = {isa = PBXBuildFile; fileRef = DD5FCC831F9F7FDE00A469D3 /* BÀI 28.pdf */; };
		DD5FCCA31F9F7FDE00A469D3 /* BÀI 14.pdf in Resources */ = {isa = PBXBuildFile; fileRef = DD5FCC841F9F7FDE00A469D3 /* BÀI 14.pdf */; };
		DD5FCCA41F9F7FDE00A469D3 /* BÀI 15.pdf in Resources */ = {isa = PBXBuildFile; fileRef = DD5FCC851F9F7FDE00A469D3 /* BÀI 15.pdf */; };
		DD5FCCA51F9F7FDE00A469D3 /* BÀI 17.pdf in Resources */ = {isa = PBXBuildFile; fileRef = DD5FCC861F9F7FDE00A469D3 /* BÀI 17.pdf */; };
		DD5FCCA61F9F7FDE00A469D3 /* BÀI 16.pdf in Resources */ = {isa = PBXBuildFile; fileRef = DD5FCC871F9F7FDE00A469D3 /* BÀI 16.pdf */; };
		DD5FCCA71F9F7FDE00A469D3 /* BÀI 27.pdf in Resources */ = {isa = PBXBuildFile; fileRef = DD5FCC881F9F7FDE00A469D3 /* BÀI 27.pdf */; };
		DD5FCCA81F9F7FDE00A469D3 /* BÀI 33.pdf in Resources */ = {isa = PBXBuildFile; fileRef = DD5FCC891F9F7FDE00A469D3 /* BÀI 33.pdf */; };
		DD5FCCA91F9F7FDE00A469D3 /* BÀI 32.pdf in Resources */ = {isa = PBXBuildFile; fileRef = DD5FCC8A1F9F7FDE00A469D3 /* BÀI 32.pdf */; };
		DD5FCCAA1F9F7FDE00A469D3 /* BÀI 26.pdf in Resources */ = {isa = PBXBuildFile; fileRef = DD5FCC8B1F9F7FDE00A469D3 /* BÀI 26.pdf */; };
		DD5FCCAB1F9F7FDE00A469D3 /* BÀI 2.pdf in Resources */ = {isa = PBXBuildFile; fileRef = DD5FCC8C1F9F7FDE00A469D3 /* BÀI 2.pdf */; };
		DD5FCCAC1F9F7FDE00A469D3 /* BÀI 30.pdf in Resources */ = {isa = PBXBuildFile; fileRef = DD5FCC8D1F9F7FDE00A469D3 /* BÀI 30.pdf */; };
		DD5FCCAD1F9F7FDE00A469D3 /* BÀI 24.pdf in Resources */ = {isa = PBXBuildFile; fileRef = DD5FCC8E1F9F7FDE00A469D3 /* BÀI 24.pdf */; };
		DD5FCCAE1F9F7FDE00A469D3 /* BÀI 18.pdf in Resources */ = {isa = PBXBuildFile; fileRef = DD5FCC8F1F9F7FDE00A469D3 /* BÀI 18.pdf */; };
		DD5FCCAF1F9F7FDE00A469D3 /* BÀI 25.pdf in Resources */ = {isa = PBXBuildFile; fileRef = DD5FCC901F9F7FDE00A469D3 /* BÀI 25.pdf */; };
		DD5FCCB01F9F7FDE00A469D3 /* BÀI 31.pdf in Resources */ = {isa = PBXBuildFile; fileRef = DD5FCC911F9F7FDE00A469D3 /* BÀI 31.pdf */; };
		DD5FCCB11F9F7FDE00A469D3 /* BÀI 1.pdf in Resources */ = {isa = PBXBuildFile; fileRef = DD5FCC921F9F7FDE00A469D3 /* BÀI 1.pdf */; };
		DD5FCCB21F9F7FDE00A469D3 /* BÀI 35.pdf in Resources */ = {isa = PBXBuildFile; fileRef = DD5FCC931F9F7FDE00A469D3 /* BÀI 35.pdf */; };
		DD5FCCB31F9F7FDE00A469D3 /* BÀI 21.pdf in Resources */ = {isa = PBXBuildFile; fileRef = DD5FCC941F9F7FDE00A469D3 /* BÀI 21.pdf */; };
		DD5FCCB41F9F7FDE00A469D3 /* BÀI 20.pdf in Resources */ = {isa = PBXBuildFile; fileRef = DD5FCC951F9F7FDE00A469D3 /* BÀI 20.pdf */; };
		DD5FCCB51F9F7FDE00A469D3 /* BÀI 22.pdf in Resources */ = {isa = PBXBuildFile; fileRef = DD5FCC961F9F7FDE00A469D3 /* BÀI 22.pdf */; };
		DD5FCCB61F9F7FDE00A469D3 /* BÀI 36.pdf in Resources */ = {isa = PBXBuildFile; fileRef = DD5FCC971F9F7FDE00A469D3 /* BÀI 36.pdf */; };
		DD5FCCB71F9F7FDE00A469D3 /* BÀI 37.pdf in Resources */ = {isa = PBXBuildFile; fileRef = DD5FCC981F9F7FDE00A469D3 /* BÀI 37.pdf */; };
		DD5FCCB81F9F7FDE00A469D3 /* BÀI 42.pdf in Resources */ = {isa = PBXBuildFile; fileRef = DD5FCC991F9F7FDE00A469D3 /* BÀI 42.pdf */; };
		DD5FCCB91F9F7FDE00A469D3 /* BÀI 43.pdf in Resources */ = {isa = PBXBuildFile; fileRef = DD5FCC9A1F9F7FDE00A469D3 /* BÀI 43.pdf */; };
		DD5FCCBA1F9F7FDE00A469D3 /* BÀI 4 VÀ BÀI 5.pdf in Resources */ = {isa = PBXBuildFile; fileRef = DD5FCC9B1F9F7FDE00A469D3 /* BÀI 4 VÀ BÀI 5.pdf */; };
		DD5FCCBB1F9F7FDE00A469D3 /* BÀI 41.pdf in Resources */ = {isa = PBXBuildFile; fileRef = DD5FCC9C1F9F7FDE00A469D3 /* BÀI 41.pdf */; };
		DD5FCCBD1F9F899900A469D3 /* PDFViewerVC.swift in Sources */ = {isa = PBXBuildFile; fileRef = DD5FCCBC1F9F899900A469D3 /* PDFViewerVC.swift */; };
		DD6A19C61F9ED06B00798400 /* AppDelegate.swift in Sources */ = {isa = PBXBuildFile; fileRef = DD6A19C51F9ED06B00798400 /* AppDelegate.swift */; };
		DD6A19C81F9ED06B00798400 /* ViewController.swift in Sources */ = {isa = PBXBuildFile; fileRef = DD6A19C71F9ED06B00798400 /* ViewController.swift */; };
		DD6A19CB1F9ED06B00798400 /* Main.storyboard in Resources */ = {isa = PBXBuildFile; fileRef = DD6A19C91F9ED06B00798400 /* Main.storyboard */; };
		DD6A19CD1F9ED06B00798400 /* Assets.xcassets in Resources */ = {isa = PBXBuildFile; fileRef = DD6A19CC1F9ED06B00798400 /* Assets.xcassets */; };
		DD6A19D01F9ED06B00798400 /* LaunchScreen.storyboard in Resources */ = {isa = PBXBuildFile; fileRef = DD6A19CE1F9ED06B00798400 /* LaunchScreen.storyboard */; };
		DD6A19D81F9ED30C00798400 /* Lesson.swift in Sources */ = {isa = PBXBuildFile; fileRef = DD6A19D71F9ED30C00798400 /* Lesson.swift */; };
		DD6A19DA1F9ED39500798400 /* LessonViewModel.swift in Sources */ = {isa = PBXBuildFile; fileRef = DD6A19D91F9ED39500798400 /* LessonViewModel.swift */; };
		DD6A19DC1F9ED65100798400 /* LessonCell.swift in Sources */ = {isa = PBXBuildFile; fileRef = DD6A19DB1F9ED65100798400 /* LessonCell.swift */; };
		DDA3E7CD1FA03E510066FCB2 /* Questions.txt in Resources */ = {isa = PBXBuildFile; fileRef = DDA3E7CC1FA03E500066FCB2 /* Questions.txt */; };
		DDA3E7CF1FA0466D0066FCB2 /* QuestionCell.swift in Sources */ = {isa = PBXBuildFile; fileRef = DDA3E7CE1FA0466D0066FCB2 /* QuestionCell.swift */; };
/* End PBXBuildFile section */

/* Begin PBXFileReference section */
		9D68BEAB3B1F84A2675D5480 /* Pods-DiaLyVietNam.release.xcconfig */ = {isa = PBXFileReference; includeInIndex = 1; lastKnownFileType = text.xcconfig; name = "Pods-DiaLyVietNam.release.xcconfig"; path = "Pods/Target Support Files/Pods-DiaLyVietNam/Pods-DiaLyVietNam.release.xcconfig"; sourceTree = "<group>"; };
		DB1E2239CE42AC13F0F4F8DC /* Pods_DiaLyVietNam.framework */ = {isa = PBXFileReference; explicitFileType = wrapper.framework; includeInIndex = 0; path = Pods_DiaLyVietNam.framework; sourceTree = BUILT_PRODUCTS_DIR; };
		DD5FCC0E1F9F164500A469D3 /* HomeVC.swift */ = {isa = PBXFileReference; lastKnownFileType = sourcecode.swift; path = HomeVC.swift; sourceTree = "<group>"; };
		DD5FCC101F9F1C0500A469D3 /* Extensions.swift */ = {isa = PBXFileReference; lastKnownFileType = sourcecode.swift; path = Extensions.swift; sourceTree = "<group>"; };
		DD5FCC271F9F528C00A469D3 /* Index.html */ = {isa = PBXFileReference; fileEncoding = 4; lastKnownFileType = text.html; path = Index.html; sourceTree = "<group>"; };
		DD5FCC281F9F528C00A469D3 /* Player.swf */ = {isa = PBXFileReference; lastKnownFileType = file; path = Player.swf; sourceTree = "<group>"; };
		DD5FCC291F9F528C00A469D3 /* Scenario.xvl */ = {isa = PBXFileReference; fileEncoding = 4; lastKnownFileType = text.xml; path = Scenario.xvl; sourceTree = "<group>"; };
		DD5FCC2B1F9F528C00A469D3 /* Layout1.swf */ = {isa = PBXFileReference; lastKnownFileType = file; path = Layout1.swf; sourceTree = "<group>"; };
		DD5FCC2C1F9F528C00A469D3 /* Racing.swf */ = {isa = PBXFileReference; lastKnownFileType = file; path = Racing.swf; sourceTree = "<group>"; };
		DD5FCC2D1F9F528C00A469D3 /* thumbnail.jpg */ = {isa = PBXFileReference; lastKnownFileType = image.jpeg; path = thumbnail.jpg; sourceTree = "<group>"; };
		DD5FCC341F9F544100A469D3 /* ExerciseVC.swift */ = {isa = PBXFileReference; lastKnownFileType = sourcecode.swift; path = ExerciseVC.swift; sourceTree = "<group>"; };
		DD5FCC3C1F9F7B9200A469D3 /* PhuLuc.txt */ = {isa = PBXFileReference; fileEncoding = 4; lastKnownFileType = text; path = PhuLuc.txt; sourceTree = "<group>"; };
		DD5FCC7E1F9F7FDE00A469D3 /* BÀI 9 VÀ BÀI 10.pdf */ = {isa = PBXFileReference; lastKnownFileType = image.pdf; path = "BÀI 9 VÀ BÀI 10.pdf"; sourceTree = "<group>"; };
		DD5FCC7F1F9F7FDE00A469D3 /* BÀI 11 VÀ BÀI 12.pdf */ = {isa = PBXFileReference; lastKnownFileType = image.pdf; path = "BÀI 11 VÀ BÀI 12.pdf"; sourceTree = "<group>"; };
		DD5FCC801F9F7FDE00A469D3 /* BÀI 6 VÀ BÀI 7.pdf */ = {isa = PBXFileReference; lastKnownFileType = image.pdf; path = "BÀI 6 VÀ BÀI 7.pdf"; sourceTree = "<group>"; };
		DD5FCC811F9F7FDE00A469D3 /* BÀI 39.pdf */ = {isa = PBXFileReference; lastKnownFileType = image.pdf; path = "BÀI 39.pdf"; sourceTree = "<group>"; };
		DD5FCC821F9F7FDE00A469D3 /* BÀI 8.pdf */ = {isa = PBXFileReference; lastKnownFileType = image.pdf; path = "BÀI 8.pdf"; sourceTree = "<group>"; };
		DD5FCC831F9F7FDE00A469D3 /* BÀI 28.pdf */ = {isa = PBXFileReference; lastKnownFileType = image.pdf; path = "BÀI 28.pdf"; sourceTree = "<group>"; };
		DD5FCC841F9F7FDE00A469D3 /* BÀI 14.pdf */ = {isa = PBXFileReference; lastKnownFileType = image.pdf; path = "BÀI 14.pdf"; sourceTree = "<group>"; };
		DD5FCC851F9F7FDE00A469D3 /* BÀI 15.pdf */ = {isa = PBXFileReference; lastKnownFileType = image.pdf; path = "BÀI 15.pdf"; sourceTree = "<group>"; };
		DD5FCC861F9F7FDE00A469D3 /* BÀI 17.pdf */ = {isa = PBXFileReference; lastKnownFileType = image.pdf; path = "BÀI 17.pdf"; sourceTree = "<group>"; };
		DD5FCC871F9F7FDE00A469D3 /* BÀI 16.pdf */ = {isa = PBXFileReference; lastKnownFileType = image.pdf; path = "BÀI 16.pdf"; sourceTree = "<group>"; };
		DD5FCC881F9F7FDE00A469D3 /* BÀI 27.pdf */ = {isa = PBXFileReference; lastKnownFileType = image.pdf; path = "BÀI 27.pdf"; sourceTree = "<group>"; };
		DD5FCC891F9F7FDE00A469D3 /* BÀI 33.pdf */ = {isa = PBXFileReference; lastKnownFileType = image.pdf; path = "BÀI 33.pdf"; sourceTree = "<group>"; };
		DD5FCC8A1F9F7FDE00A469D3 /* BÀI 32.pdf */ = {isa = PBXFileReference; lastKnownFileType = image.pdf; path = "BÀI 32.pdf"; sourceTree = "<group>"; };
		DD5FCC8B1F9F7FDE00A469D3 /* BÀI 26.pdf */ = {isa = PBXFileReference; lastKnownFileType = image.pdf; path = "BÀI 26.pdf"; sourceTree = "<group>"; };
		DD5FCC8C1F9F7FDE00A469D3 /* BÀI 2.pdf */ = {isa = PBXFileReference; lastKnownFileType = image.pdf; path = "BÀI 2.pdf"; sourceTree = "<group>"; };
		DD5FCC8D1F9F7FDE00A469D3 /* BÀI 30.pdf */ = {isa = PBXFileReference; lastKnownFileType = image.pdf; path = "BÀI 30.pdf"; sourceTree = "<group>"; };
		DD5FCC8E1F9F7FDE00A469D3 /* BÀI 24.pdf */ = {isa = PBXFileReference; lastKnownFileType = image.pdf; path = "BÀI 24.pdf"; sourceTree = "<group>"; };
		DD5FCC8F1F9F7FDE00A469D3 /* BÀI 18.pdf */ = {isa = PBXFileReference; lastKnownFileType = image.pdf; path = "BÀI 18.pdf"; sourceTree = "<group>"; };
		DD5FCC901F9F7FDE00A469D3 /* BÀI 25.pdf */ = {isa = PBXFileReference; lastKnownFileType = image.pdf; path = "BÀI 25.pdf"; sourceTree = "<group>"; };
		DD5FCC911F9F7FDE00A469D3 /* BÀI 31.pdf */ = {isa = PBXFileReference; lastKnownFileType = image.pdf; path = "BÀI 31.pdf"; sourceTree = "<group>"; };
		DD5FCC921F9F7FDE00A469D3 /* BÀI 1.pdf */ = {isa = PBXFileReference; lastKnownFileType = image.pdf; path = "BÀI 1.pdf"; sourceTree = "<group>"; };
		DD5FCC931F9F7FDE00A469D3 /* BÀI 35.pdf */ = {isa = PBXFileReference; lastKnownFileType = image.pdf; path = "BÀI 35.pdf"; sourceTree = "<group>"; };
		DD5FCC941F9F7FDE00A469D3 /* BÀI 21.pdf */ = {isa = PBXFileReference; lastKnownFileType = image.pdf; path = "BÀI 21.pdf"; sourceTree = "<group>"; };
		DD5FCC951F9F7FDE00A469D3 /* BÀI 20.pdf */ = {isa = PBXFileReference; lastKnownFileType = image.pdf; path = "BÀI 20.pdf"; sourceTree = "<group>"; };
		DD5FCC961F9F7FDE00A469D3 /* BÀI 22.pdf */ = {isa = PBXFileReference; lastKnownFileType = image.pdf; path = "BÀI 22.pdf"; sourceTree = "<group>"; };
		DD5FCC971F9F7FDE00A469D3 /* BÀI 36.pdf */ = {isa = PBXFileReference; lastKnownFileType = image.pdf; path = "BÀI 36.pdf"; sourceTree = "<group>"; };
		DD5FCC981F9F7FDE00A469D3 /* BÀI 37.pdf */ = {isa = PBXFileReference; lastKnownFileType = image.pdf; path = "BÀI 37.pdf"; sourceTree = "<group>"; };
		DD5FCC991F9F7FDE00A469D3 /* BÀI 42.pdf */ = {isa = PBXFileReference; lastKnownFileType = image.pdf; path = "BÀI 42.pdf"; sourceTree = "<group>"; };
		DD5FCC9A1F9F7FDE00A469D3 /* BÀI 43.pdf */ = {isa = PBXFileReference; lastKnownFileType = image.pdf; path = "BÀI 43.pdf"; sourceTree = "<group>"; };
		DD5FCC9B1F9F7FDE00A469D3 /* BÀI 4 VÀ BÀI 5.pdf */ = {isa = PBXFileReference; lastKnownFileType = image.pdf; path = "BÀI 4 VÀ BÀI 5.pdf"; sourceTree = "<group>"; };
		DD5FCC9C1F9F7FDE00A469D3 /* BÀI 41.pdf */ = {isa = PBXFileReference; lastKnownFileType = image.pdf; path = "BÀI 41.pdf"; sourceTree = "<group>"; };
		DD5FCCBC1F9F899900A469D3 /* PDFViewerVC.swift */ = {isa = PBXFileReference; lastKnownFileType = sourcecode.swift; path = PDFViewerVC.swift; sourceTree = "<group>"; };
		DD6A19C21F9ED06B00798400 /* DiaLyVietNam.app */ = {isa = PBXFileReference; explicitFileType = wrapper.application; includeInIndex = 0; path = DiaLyVietNam.app; sourceTree = BUILT_PRODUCTS_DIR; };
		DD6A19C51F9ED06B00798400 /* AppDelegate.swift */ = {isa = PBXFileReference; lastKnownFileType = sourcecode.swift; path = AppDelegate.swift; sourceTree = "<group>"; };
		DD6A19C71F9ED06B00798400 /* ViewController.swift */ = {isa = PBXFileReference; lastKnownFileType = sourcecode.swift; path = ViewController.swift; sourceTree = "<group>"; };
		DD6A19CA1F9ED06B00798400 /* Base */ = {isa = PBXFileReference; lastKnownFileType = file.storyboard; name = Base; path = Base.lproj/Main.storyboard; sourceTree = "<group>"; };
		DD6A19CC1F9ED06B00798400 /* Assets.xcassets */ = {isa = PBXFileReference; lastKnownFileType = folder.assetcatalog; path = Assets.xcassets; sourceTree = "<group>"; };
		DD6A19CF1F9ED06B00798400 /* Base */ = {isa = PBXFileReference; lastKnownFileType = file.storyboard; name = Base; path = Base.lproj/LaunchScreen.storyboard; sourceTree = "<group>"; };
		DD6A19D11F9ED06B00798400 /* Info.plist */ = {isa = PBXFileReference; lastKnownFileType = text.plist.xml; path = Info.plist; sourceTree = "<group>"; };
		DD6A19D71F9ED30C00798400 /* Lesson.swift */ = {isa = PBXFileReference; lastKnownFileType = sourcecode.swift; path = Lesson.swift; sourceTree = "<group>"; };
		DD6A19D91F9ED39500798400 /* LessonViewModel.swift */ = {isa = PBXFileReference; lastKnownFileType = sourcecode.swift; path = LessonViewModel.swift; sourceTree = "<group>"; };
		DD6A19DB1F9ED65100798400 /* LessonCell.swift */ = {isa = PBXFileReference; lastKnownFileType = sourcecode.swift; path = LessonCell.swift; sourceTree = "<group>"; };
		DDA3E7CC1FA03E500066FCB2 /* Questions.txt */ = {isa = PBXFileReference; fileEncoding = 4; lastKnownFileType = text; path = Questions.txt; sourceTree = "<group>"; };
		DDA3E7CE1FA0466D0066FCB2 /* QuestionCell.swift */ = {isa = PBXFileReference; lastKnownFileType = sourcecode.swift; path = QuestionCell.swift; sourceTree = "<group>"; };
		E7B7121476A83203CB2A1CF8 /* Pods-DiaLyVietNam.debug.xcconfig */ = {isa = PBXFileReference; includeInIndex = 1; lastKnownFileType = text.xcconfig; name = "Pods-DiaLyVietNam.debug.xcconfig"; path = "Pods/Target Support Files/Pods-DiaLyVietNam/Pods-DiaLyVietNam.debug.xcconfig"; sourceTree = "<group>"; };
/* End PBXFileReference section */

/* Begin PBXFrameworksBuildPhase section */
		DD6A19BF1F9ED06B00798400 /* Frameworks */ = {
			isa = PBXFrameworksBuildPhase;
			buildActionMask = 2147483647;
			files = (
				01E4B28E14213AE26A5F4745 /* Pods_DiaLyVietNam.framework in Frameworks */,
			);
			runOnlyForDeploymentPostprocessing = 0;
		};
/* End PBXFrameworksBuildPhase section */

/* Begin PBXGroup section */
		6F3B7DDB5A44A3A2968B19D0 /* Frameworks */ = {
			isa = PBXGroup;
			children = (
				DB1E2239CE42AC13F0F4F8DC /* Pods_DiaLyVietNam.framework */,
			);
			name = Frameworks;
			sourceTree = "<group>";
		};
		95765A9E74C6D8DD22A73E8F /* Pods */ = {
			isa = PBXGroup;
			children = (
				E7B7121476A83203CB2A1CF8 /* Pods-DiaLyVietNam.debug.xcconfig */,
				9D68BEAB3B1F84A2675D5480 /* Pods-DiaLyVietNam.release.xcconfig */,
			);
			name = Pods;
			sourceTree = "<group>";
		};
		DD499BDA1F9F11F900F29EC4 /* Resources */ = {
			isa = PBXGroup;
			children = (
				DDA3E7CC1FA03E500066FCB2 /* Questions.txt */,
				DD5FCC7D1F9F7FDE00A469D3 /* pdf */,
				DD5FCC3C1F9F7B9200A469D3 /* PhuLuc.txt */,
				DD5FCC261F9F528C00A469D3 /* Package */,
			);
			path = Resources;
			sourceTree = "<group>";
		};
		DD5FCC261F9F528C00A469D3 /* Package */ = {
			isa = PBXGroup;
			children = (
				DD5FCC271F9F528C00A469D3 /* Index.html */,
				DD5FCC281F9F528C00A469D3 /* Player.swf */,
				DD5FCC291F9F528C00A469D3 /* Scenario.xvl */,
				DD5FCC2A1F9F528C00A469D3 /* Common */,
				DD5FCC2D1F9F528C00A469D3 /* thumbnail.jpg */,
			);
			path = Package;
			sourceTree = "<group>";
		};
		DD5FCC2A1F9F528C00A469D3 /* Common */ = {
			isa = PBXGroup;
			children = (
				DD5FCC2B1F9F528C00A469D3 /* Layout1.swf */,
				DD5FCC2C1F9F528C00A469D3 /* Racing.swf */,
			);
			path = Common;
			sourceTree = "<group>";
		};
		DD5FCC7D1F9F7FDE00A469D3 /* pdf */ = {
			isa = PBXGroup;
			children = (
				DD5FCC7E1F9F7FDE00A469D3 /* BÀI 9 VÀ BÀI 10.pdf */,
				DD5FCC7F1F9F7FDE00A469D3 /* BÀI 11 VÀ BÀI 12.pdf */,
				DD5FCC801F9F7FDE00A469D3 /* BÀI 6 VÀ BÀI 7.pdf */,
				DD5FCC811F9F7FDE00A469D3 /* BÀI 39.pdf */,
				DD5FCC821F9F7FDE00A469D3 /* BÀI 8.pdf */,
				DD5FCC831F9F7FDE00A469D3 /* BÀI 28.pdf */,
				DD5FCC841F9F7FDE00A469D3 /* BÀI 14.pdf */,
				DD5FCC851F9F7FDE00A469D3 /* BÀI 15.pdf */,
				DD5FCC861F9F7FDE00A469D3 /* BÀI 17.pdf */,
				DD5FCC871F9F7FDE00A469D3 /* BÀI 16.pdf */,
				DD5FCC881F9F7FDE00A469D3 /* BÀI 27.pdf */,
				DD5FCC891F9F7FDE00A469D3 /* BÀI 33.pdf */,
				DD5FCC8A1F9F7FDE00A469D3 /* BÀI 32.pdf */,
				DD5FCC8B1F9F7FDE00A469D3 /* BÀI 26.pdf */,
				DD5FCC8C1F9F7FDE00A469D3 /* BÀI 2.pdf */,
				DD5FCC8D1F9F7FDE00A469D3 /* BÀI 30.pdf */,
				DD5FCC8E1F9F7FDE00A469D3 /* BÀI 24.pdf */,
				DD5FCC8F1F9F7FDE00A469D3 /* BÀI 18.pdf */,
				DD5FCC901F9F7FDE00A469D3 /* BÀI 25.pdf */,
				DD5FCC911F9F7FDE00A469D3 /* BÀI 31.pdf */,
				DD5FCC921F9F7FDE00A469D3 /* BÀI 1.pdf */,
				DD5FCC931F9F7FDE00A469D3 /* BÀI 35.pdf */,
				DD5FCC941F9F7FDE00A469D3 /* BÀI 21.pdf */,
				DD5FCC951F9F7FDE00A469D3 /* BÀI 20.pdf */,
				DD5FCC961F9F7FDE00A469D3 /* BÀI 22.pdf */,
				DD5FCC971F9F7FDE00A469D3 /* BÀI 36.pdf */,
				DD5FCC981F9F7FDE00A469D3 /* BÀI 37.pdf */,
				DD5FCC991F9F7FDE00A469D3 /* BÀI 42.pdf */,
				DD5FCC9A1F9F7FDE00A469D3 /* BÀI 43.pdf */,
				DD5FCC9B1F9F7FDE00A469D3 /* BÀI 4 VÀ BÀI 5.pdf */,
				DD5FCC9C1F9F7FDE00A469D3 /* BÀI 41.pdf */,
			);
			path = pdf;
			sourceTree = "<group>";
		};
		DD6A19B91F9ED06B00798400 = {
			isa = PBXGroup;
			children = (
				DD6A19C41F9ED06B00798400 /* DiaLyVietNam */,
				DD6A19C31F9ED06B00798400 /* Products */,
				95765A9E74C6D8DD22A73E8F /* Pods */,
				6F3B7DDB5A44A3A2968B19D0 /* Frameworks */,
			);
			sourceTree = "<group>";
		};
		DD6A19C31F9ED06B00798400 /* Products */ = {
			isa = PBXGroup;
			children = (
				DD6A19C21F9ED06B00798400 /* DiaLyVietNam.app */,
			);
			name = Products;
			sourceTree = "<group>";
		};
		DD6A19C41F9ED06B00798400 /* DiaLyVietNam */ = {
			isa = PBXGroup;
			children = (
				DD6A19C51F9ED06B00798400 /* AppDelegate.swift */,
				DD6A19C71F9ED06B00798400 /* ViewController.swift */,
				DD5FCC0E1F9F164500A469D3 /* HomeVC.swift */,
				DD6A19D71F9ED30C00798400 /* Lesson.swift */,
				DD6A19D91F9ED39500798400 /* LessonViewModel.swift */,
				DD5FCC341F9F544100A469D3 /* ExerciseVC.swift */,
				DD6A19DB1F9ED65100798400 /* LessonCell.swift */,
				DD5FCC101F9F1C0500A469D3 /* Extensions.swift */,
				DD5FCCBC1F9F899900A469D3 /* PDFViewerVC.swift */,
				DDA3E7CE1FA0466D0066FCB2 /* QuestionCell.swift */,
				DD6A19C91F9ED06B00798400 /* Main.storyboard */,
				DD6A19CC1F9ED06B00798400 /* Assets.xcassets */,
				DD6A19CE1F9ED06B00798400 /* LaunchScreen.storyboard */,
				DD6A19D11F9ED06B00798400 /* Info.plist */,
				DD499BDA1F9F11F900F29EC4 /* Resources */,
			);
			path = DiaLyVietNam;
			sourceTree = "<group>";
		};
/* End PBXGroup section */

/* Begin PBXNativeTarget section */
		DD6A19C11F9ED06B00798400 /* DiaLyVietNam */ = {
			isa = PBXNativeTarget;
			buildConfigurationList = DD6A19D41F9ED06B00798400 /* Build configuration list for PBXNativeTarget "DiaLyVietNam" */;
			buildPhases = (
				2AC612B27ED0D1A6AC59A687 /* [CP] Check Pods Manifest.lock */,
				DD6A19BE1F9ED06B00798400 /* Sources */,
				DD6A19BF1F9ED06B00798400 /* Frameworks */,
				DD6A19C01F9ED06B00798400 /* Resources */,
				D32F45C442329833ABF259F2 /* [CP] Embed Pods Frameworks */,
				EBF4620DCD174FE9CDEF2840 /* [CP] Copy Pods Resources */,
			);
			buildRules = (
			);
			dependencies = (
			);
			name = DiaLyVietNam;
			productName = DiaLyVietNam;
			productReference = DD6A19C21F9ED06B00798400 /* DiaLyVietNam.app */;
			productType = "com.apple.product-type.application";
		};
/* End PBXNativeTarget section */

/* Begin PBXProject section */
		DD6A19BA1F9ED06B00798400 /* Project object */ = {
			isa = PBXProject;
			attributes = {
				LastSwiftUpdateCheck = 0910;
				LastUpgradeCheck = 0910;
				ORGANIZATIONNAME = nhatlee;
				TargetAttributes = {
					DD6A19C11F9ED06B00798400 = {
						CreatedOnToolsVersion = 9.1;
						ProvisioningStyle = Automatic;
					};
				};
			};
			buildConfigurationList = DD6A19BD1F9ED06B00798400 /* Build configuration list for PBXProject "DiaLyVietNam" */;
			compatibilityVersion = "Xcode 8.0";
			developmentRegion = en;
			hasScannedForEncodings = 0;
			knownRegions = (
				en,
				Base,
			);
			mainGroup = DD6A19B91F9ED06B00798400;
			productRefGroup = DD6A19C31F9ED06B00798400 /* Products */;
			projectDirPath = "";
			projectRoot = "";
			targets = (
				DD6A19C11F9ED06B00798400 /* DiaLyVietNam */,
			);
		};
/* End PBXProject section */

/* Begin PBXResourcesBuildPhase section */
		DD6A19C01F9ED06B00798400 /* Resources */ = {
			isa = PBXResourcesBuildPhase;
			buildActionMask = 2147483647;
			files = (
				DD5FCCBB1F9F7FDE00A469D3 /* BÀI 41.pdf in Resources */,
				DD5FCCAC1F9F7FDE00A469D3 /* BÀI 30.pdf in Resources */,
				DD5FCCA61F9F7FDE00A469D3 /* BÀI 16.pdf in Resources */,
				DD5FCCAE1F9F7FDE00A469D3 /* BÀI 18.pdf in Resources */,
				DD5FCCA31F9F7FDE00A469D3 /* BÀI 14.pdf in Resources */,
				DD5FCC301F9F528C00A469D3 /* Scenario.xvl in Resources */,
				DD5FCCB21F9F7FDE00A469D3 /* BÀI 35.pdf in Resources */,
				DD5FCCB71F9F7FDE00A469D3 /* BÀI 37.pdf in Resources */,
				DD5FCCB61F9F7FDE00A469D3 /* BÀI 36.pdf in Resources */,
				DD5FCCB01F9F7FDE00A469D3 /* BÀI 31.pdf in Resources */,
				DD5FCCB81F9F7FDE00A469D3 /* BÀI 42.pdf in Resources */,
				DD5FCCAF1F9F7FDE00A469D3 /* BÀI 25.pdf in Resources */,
				DD5FCC311F9F528C00A469D3 /* Layout1.swf in Resources */,
				DD5FCC331F9F528C00A469D3 /* thumbnail.jpg in Resources */,
				DD5FCCB91F9F7FDE00A469D3 /* BÀI 43.pdf in Resources */,
				DD5FCCB51F9F7FDE00A469D3 /* BÀI 22.pdf in Resources */,
				DD5FCCAB1F9F7FDE00A469D3 /* BÀI 2.pdf in Resources */,
				DD5FCCAD1F9F7FDE00A469D3 /* BÀI 24.pdf in Resources */,
				DD5FCCAA1F9F7FDE00A469D3 /* BÀI 26.pdf in Resources */,
				DD6A19D01F9ED06B00798400 /* LaunchScreen.storyboard in Resources */,
				DD5FCCA41F9F7FDE00A469D3 /* BÀI 15.pdf in Resources */,
				DD5FCC321F9F528C00A469D3 /* Racing.swf in Resources */,
				DD5FCCA51F9F7FDE00A469D3 /* BÀI 17.pdf in Resources */,
				DD5FCCA01F9F7FDE00A469D3 /* BÀI 39.pdf in Resources */,
				DD5FCC2F1F9F528C00A469D3 /* Player.swf in Resources */,
				DD5FCCB31F9F7FDE00A469D3 /* BÀI 21.pdf in Resources */,
				DD5FCCA81F9F7FDE00A469D3 /* BÀI 33.pdf in Resources */,
				DD5FCCA21F9F7FDE00A469D3 /* BÀI 28.pdf in Resources */,
				DD6A19CD1F9ED06B00798400 /* Assets.xcassets in Resources */,
				DD5FCC9F1F9F7FDE00A469D3 /* BÀI 6 VÀ BÀI 7.pdf in Resources */,
				DDA3E7CD1FA03E510066FCB2 /* Questions.txt in Resources */,
				DD5FCC2E1F9F528C00A469D3 /* Index.html in Resources */,
				DD6A19CB1F9ED06B00798400 /* Main.storyboard in Resources */,
				DD5FCC9E1F9F7FDE00A469D3 /* BÀI 11 VÀ BÀI 12.pdf in Resources */,
				DD5FCCB41F9F7FDE00A469D3 /* BÀI 20.pdf in Resources */,
				DD5FCCA91F9F7FDE00A469D3 /* BÀI 32.pdf in Resources */,
				DD5FCCB11F9F7FDE00A469D3 /* BÀI 1.pdf in Resources */,
				DD5FCC9D1F9F7FDE00A469D3 /* BÀI 9 VÀ BÀI 10.pdf in Resources */,
				DD5FCCA11F9F7FDE00A469D3 /* BÀI 8.pdf in Resources */,
				DD5FCCA71F9F7FDE00A469D3 /* BÀI 27.pdf in Resources */,
				DD5FCC3D1F9F7B9200A469D3 /* PhuLuc.txt in Resources */,
				DD5FCCBA1F9F7FDE00A469D3 /* BÀI 4 VÀ BÀI 5.pdf in Resources */,
			);
			runOnlyForDeploymentPostprocessing = 0;
		};
/* End PBXResourcesBuildPhase section */

/* Begin PBXShellScriptBuildPhase section */
		2AC612B27ED0D1A6AC59A687 /* [CP] Check Pods Manifest.lock */ = {
			isa = PBXShellScriptBuildPhase;
			buildActionMask = 2147483647;
			files = (
			);
			inputPaths = (
				"${PODS_PODFILE_DIR_PATH}/Podfile.lock",
				"${PODS_ROOT}/Manifest.lock",
			);
			name = "[CP] Check Pods Manifest.lock";
			outputPaths = (
				"$(DERIVED_FILE_DIR)/Pods-DiaLyVietNam-checkManifestLockResult.txt",
			);
			runOnlyForDeploymentPostprocessing = 0;
			shellPath = /bin/sh;
			shellScript = "diff \"${PODS_PODFILE_DIR_PATH}/Podfile.lock\" \"${PODS_ROOT}/Manifest.lock\" > /dev/null\nif [ $? != 0 ] ; then\n    # print error to STDERR\n    echo \"error: The sandbox is not in sync with the Podfile.lock. Run 'pod install' or update your CocoaPods installation.\" >&2\n    exit 1\nfi\n# This output is used by Xcode 'outputs' to avoid re-running this script phase.\necho \"SUCCESS\" > \"${SCRIPT_OUTPUT_FILE_0}\"\n";
			showEnvVarsInLog = 0;
		};
		D32F45C442329833ABF259F2 /* [CP] Embed Pods Frameworks */ = {
			isa = PBXShellScriptBuildPhase;
			buildActionMask = 2147483647;
			files = (
			);
			inputPaths = (
				"${SRCROOT}/Pods/Target Support Files/Pods-DiaLyVietNam/Pods-DiaLyVietNam-frameworks.sh",
				"${BUILT_PRODUCTS_DIR}/CHTCollectionViewWaterfallLayout/CHTCollectionViewWaterfallLayout.framework",
			);
			name = "[CP] Embed Pods Frameworks";
			outputPaths = (
				"${TARGET_BUILD_DIR}/${FRAMEWORKS_FOLDER_PATH}/CHTCollectionViewWaterfallLayout.framework",
			);
			runOnlyForDeploymentPostprocessing = 0;
			shellPath = /bin/sh;
			shellScript = "\"${SRCROOT}/Pods/Target Support Files/Pods-DiaLyVietNam/Pods-DiaLyVietNam-frameworks.sh\"\n";
			showEnvVarsInLog = 0;
		};
		EBF4620DCD174FE9CDEF2840 /* [CP] Copy Pods Resources */ = {
			isa = PBXShellScriptBuildPhase;
			buildActionMask = 2147483647;
			files = (
			);
			inputPaths = (
			);
			name = "[CP] Copy Pods Resources";
			outputPaths = (
			);
			runOnlyForDeploymentPostprocessing = 0;
			shellPath = /bin/sh;
			shellScript = "\"${SRCROOT}/Pods/Target Support Files/Pods-DiaLyVietNam/Pods-DiaLyVietNam-resources.sh\"\n";
			showEnvVarsInLog = 0;
		};
/* End PBXShellScriptBuildPhase section */

/* Begin PBXSourcesBuildPhase section */
		DD6A19BE1F9ED06B00798400 /* Sources */ = {
			isa = PBXSourcesBuildPhase;
			buildActionMask = 2147483647;
			files = (
				DD6A19DA1F9ED39500798400 /* LessonViewModel.swift in Sources */,
				DD6A19D81F9ED30C00798400 /* Lesson.swift in Sources */,
				DD6A19C81F9ED06B00798400 /* ViewController.swift in Sources */,
				DD5FCCBD1F9F899900A469D3 /* PDFViewerVC.swift in Sources */,
				DD5FCC0F1F9F164500A469D3 /* HomeVC.swift in Sources */,
				DD5FCC351F9F544100A469D3 /* ExerciseVC.swift in Sources */,
				DD6A19DC1F9ED65100798400 /* LessonCell.swift in Sources */,
				DD6A19C61F9ED06B00798400 /* AppDelegate.swift in Sources */,
				DD5FCC111F9F1C0500A469D3 /* Extensions.swift in Sources */,
				DDA3E7CF1FA0466D0066FCB2 /* QuestionCell.swift in Sources */,
			);
			runOnlyForDeploymentPostprocessing = 0;
		};
/* End PBXSourcesBuildPhase section */

/* Begin PBXVariantGroup section */
		DD6A19C91F9ED06B00798400 /* Main.storyboard */ = {
			isa = PBXVariantGroup;
			children = (
				DD6A19CA1F9ED06B00798400 /* Base */,
			);
			name = Main.storyboard;
			sourceTree = "<group>";
		};
		DD6A19CE1F9ED06B00798400 /* LaunchScreen.storyboard */ = {
			isa = PBXVariantGroup;
			children = (
				DD6A19CF1F9ED06B00798400 /* Base */,
			);
			name = LaunchScreen.storyboard;
			sourceTree = "<group>";
		};
/* End PBXVariantGroup section */

/* Begin XCBuildConfiguration section */
		DD6A19D21F9ED06B00798400 /* Debug */ = {
			isa = XCBuildConfiguration;
			buildSettings = {
				ALWAYS_SEARCH_USER_PATHS = NO;
				CLANG_ANALYZER_NONNULL = YES;
				CLANG_ANALYZER_NUMBER_OBJECT_CONVERSION = YES_AGGRESSIVE;
				CLANG_CXX_LANGUAGE_STANDARD = "gnu++14";
				CLANG_CXX_LIBRARY = "libc++";
				CLANG_ENABLE_MODULES = YES;
				CLANG_ENABLE_OBJC_ARC = YES;
				CLANG_WARN_BLOCK_CAPTURE_AUTORELEASING = YES;
				CLANG_WARN_BOOL_CONVERSION = YES;
				CLANG_WARN_COMMA = YES;
				CLANG_WARN_CONSTANT_CONVERSION = YES;
				CLANG_WARN_DIRECT_OBJC_ISA_USAGE = YES_ERROR;
				CLANG_WARN_DOCUMENTATION_COMMENTS = YES;
				CLANG_WARN_EMPTY_BODY = YES;
				CLANG_WARN_ENUM_CONVERSION = YES;
				CLANG_WARN_INFINITE_RECURSION = YES;
				CLANG_WARN_INT_CONVERSION = YES;
				CLANG_WARN_NON_LITERAL_NULL_CONVERSION = YES;
				CLANG_WARN_OBJC_LITERAL_CONVERSION = YES;
				CLANG_WARN_OBJC_ROOT_CLASS = YES_ERROR;
				CLANG_WARN_RANGE_LOOP_ANALYSIS = YES;
				CLANG_WARN_STRICT_PROTOTYPES = YES;
				CLANG_WARN_SUSPICIOUS_MOVE = YES;
				CLANG_WARN_UNGUARDED_AVAILABILITY = YES_AGGRESSIVE;
				CLANG_WARN_UNREACHABLE_CODE = YES;
				CLANG_WARN__DUPLICATE_METHOD_MATCH = YES;
				CODE_SIGN_IDENTITY = "iPhone Developer";
				COPY_PHASE_STRIP = NO;
				DEBUG_INFORMATION_FORMAT = dwarf;
				ENABLE_STRICT_OBJC_MSGSEND = YES;
				ENABLE_TESTABILITY = YES;
				GCC_C_LANGUAGE_STANDARD = gnu11;
				GCC_DYNAMIC_NO_PIC = NO;
				GCC_NO_COMMON_BLOCKS = YES;
				GCC_OPTIMIZATION_LEVEL = 0;
				GCC_PREPROCESSOR_DEFINITIONS = (
					"DEBUG=1",
					"$(inherited)",
				);
				GCC_WARN_64_TO_32_BIT_CONVERSION = YES;
				GCC_WARN_ABOUT_RETURN_TYPE = YES_ERROR;
				GCC_WARN_UNDECLARED_SELECTOR = YES;
				GCC_WARN_UNINITIALIZED_AUTOS = YES_AGGRESSIVE;
				GCC_WARN_UNUSED_FUNCTION = YES;
				GCC_WARN_UNUSED_VARIABLE = YES;
				IPHONEOS_DEPLOYMENT_TARGET = 11.1;
				MTL_ENABLE_DEBUG_INFO = YES;
				ONLY_ACTIVE_ARCH = YES;
				SDKROOT = iphoneos;
				SWIFT_ACTIVE_COMPILATION_CONDITIONS = DEBUG;
				SWIFT_OPTIMIZATION_LEVEL = "-Onone";
			};
			name = Debug;
		};
		DD6A19D31F9ED06B00798400 /* Release */ = {
			isa = XCBuildConfiguration;
			buildSettings = {
				ALWAYS_SEARCH_USER_PATHS = NO;
				CLANG_ANALYZER_NONNULL = YES;
				CLANG_ANALYZER_NUMBER_OBJECT_CONVERSION = YES_AGGRESSIVE;
				CLANG_CXX_LANGUAGE_STANDARD = "gnu++14";
				CLANG_CXX_LIBRARY = "libc++";
				CLANG_ENABLE_MODULES = YES;
				CLANG_ENABLE_OBJC_ARC = YES;
				CLANG_WARN_BLOCK_CAPTURE_AUTORELEASING = YES;
				CLANG_WARN_BOOL_CONVERSION = YES;
				CLANG_WARN_COMMA = YES;
				CLANG_WARN_CONSTANT_CONVERSION = YES;
				CLANG_WARN_DIRECT_OBJC_ISA_USAGE = YES_ERROR;
				CLANG_WARN_DOCUMENTATION_COMMENTS = YES;
				CLANG_WARN_EMPTY_BODY = YES;
				CLANG_WARN_ENUM_CONVERSION = YES;
				CLANG_WARN_INFINITE_RECURSION = YES;
				CLANG_WARN_INT_CONVERSION = YES;
				CLANG_WARN_NON_LITERAL_NULL_CONVERSION = YES;
				CLANG_WARN_OBJC_LITERAL_CONVERSION = YES;
				CLANG_WARN_OBJC_ROOT_CLASS = YES_ERROR;
				CLANG_WARN_RANGE_LOOP_ANALYSIS = YES;
				CLANG_WARN_STRICT_PROTOTYPES = YES;
				CLANG_WARN_SUSPICIOUS_MOVE = YES;
				CLANG_WARN_UNGUARDED_AVAILABILITY = YES_AGGRESSIVE;
				CLANG_WARN_UNREACHABLE_CODE = YES;
				CLANG_WARN__DUPLICATE_METHOD_MATCH = YES;
				CODE_SIGN_IDENTITY = "iPhone Developer";
				COPY_PHASE_STRIP = NO;
				DEBUG_INFORMATION_FORMAT = "dwarf-with-dsym";
				ENABLE_NS_ASSERTIONS = NO;
				ENABLE_STRICT_OBJC_MSGSEND = YES;
				GCC_C_LANGUAGE_STANDARD = gnu11;
				GCC_NO_COMMON_BLOCKS = YES;
				GCC_WARN_64_TO_32_BIT_CONVERSION = YES;
				GCC_WARN_ABOUT_RETURN_TYPE = YES_ERROR;
				GCC_WARN_UNDECLARED_SELECTOR = YES;
				GCC_WARN_UNINITIALIZED_AUTOS = YES_AGGRESSIVE;
				GCC_WARN_UNUSED_FUNCTION = YES;
				GCC_WARN_UNUSED_VARIABLE = YES;
				IPHONEOS_DEPLOYMENT_TARGET = 11.1;
				MTL_ENABLE_DEBUG_INFO = NO;
				SDKROOT = iphoneos;
				SWIFT_OPTIMIZATION_LEVEL = "-Owholemodule";
				VALIDATE_PRODUCT = YES;
			};
			name = Release;
		};
		DD6A19D51F9ED06B00798400 /* Debug */ = {
			isa = XCBuildConfiguration;
			baseConfigurationReference = E7B7121476A83203CB2A1CF8 /* Pods-DiaLyVietNam.debug.xcconfig */;
			buildSettings = {
				ASSETCATALOG_COMPILER_APPICON_NAME = AppIcon;
				CODE_SIGN_STYLE = Automatic;
				DEVELOPMENT_TEAM = Z5TBLESEBG;
				INFOPLIST_FILE = DiaLyVietNam/Info.plist;
				IPHONEOS_DEPLOYMENT_TARGET = 9.0;
				LD_RUNPATH_SEARCH_PATHS = "$(inherited) @executable_path/Frameworks";
				PRODUCT_BUNDLE_IDENTIFIER = com.nhatlee.dialyvietnam;
				PRODUCT_NAME = "$(TARGET_NAME)";
				SWIFT_VERSION = 4.0;
				TARGETED_DEVICE_FAMILY = 1;
			};
			name = Debug;
		};
		DD6A19D61F9ED06B00798400 /* Release */ = {
			isa = XCBuildConfiguration;
			baseConfigurationReference = 9D68BEAB3B1F84A2675D5480 /* Pods-DiaLyVietNam.release.xcconfig */;
			buildSettings = {
				ASSETCATALOG_COMPILER_APPICON_NAME = AppIcon;
				CODE_SIGN_STYLE = Automatic;
				DEVELOPMENT_TEAM = Z5TBLESEBG;
				INFOPLIST_FILE = DiaLyVietNam/Info.plist;
				IPHONEOS_DEPLOYMENT_TARGET = 9.0;
				LD_RUNPATH_SEARCH_PATHS = "$(inherited) @executable_path/Frameworks";
				PRODUCT_BUNDLE_IDENTIFIER = com.nhatlee.dialyvietnam;
				PRODUCT_NAME = "$(TARGET_NAME)";
				SWIFT_VERSION = 4.0;
				TARGETED_DEVICE_FAMILY = 1;
			};
			name = Release;
		};
/* End XCBuildConfiguration section */

/* Begin XCConfigurationList section */
		DD6A19BD1F9ED06B00798400 /* Build configuration list for PBXProject "DiaLyVietNam" */ = {
			isa = XCConfigurationList;
			buildConfigurations = (
				DD6A19D21F9ED06B00798400 /* Debug */,
				DD6A19D31F9ED06B00798400 /* Release */,
			);
			defaultConfigurationIsVisible = 0;
			defaultConfigurationName = Release;
		};
		DD6A19D41F9ED06B00798400 /* Build configuration list for PBXNativeTarget "DiaLyVietNam" */ = {
			isa = XCConfigurationList;
			buildConfigurations = (
				DD6A19D51F9ED06B00798400 /* Debug */,
				DD6A19D61F9ED06B00798400 /* Release */,
			);
			defaultConfigurationIsVisible = 0;
			defaultConfigurationName = Release;
		};
/* End XCConfigurationList section */
	};
	rootObject = DD6A19BA1F9ED06B00798400 /* Project object */;
}
